
Microsoft Visual Studio Solution File, Format Version 12.00
# Visual Studio Version 16
VisualStudioVersion = 16.0.30523.141
MinimumVisualStudioVersion = 10.0.40219.1
Project("{FAE04EC0-301F-11D3-BF4B-00C04F79EFBC}") = "JobCalculator", "JobCalculator.csproj", "{E69555E1-6AB3-4FC8-9015-B2E1A429FE0E}"
EndProject
Global
	GlobalSection(SolutionConfigurationPlatforms) = preSolution
		Debug|Any CPU = Debug|Any CPU
		Release|Any CPU = Release|Any CPU
	EndGlobalSection
	GlobalSection(ProjectConfigurationPlatforms) = postSolution
		{E69555E1-6AB3-4FC8-9015-B2E1A429FE0E}.Debug|Any CPU.ActiveCfg = Debug|Any CPU
		{E69555E1-6AB3-4FC8-9015-B2E1A429FE0E}.Debug|Any CPU.Build.0 = Debug|Any CPU
		{E69555E1-6AB3-4FC8-9015-B2E1A429FE0E}.Release|Any CPU.ActiveCfg = Release|Any CPU
		{E69555E1-6AB3-4FC8-9015-B2E1A429FE0E}.Release|Any CPU.Build.0 = Release|Any CPU
	EndGlobalSection
	GlobalSection(SolutionProperties) = preSolution
		HideSolutionNode = FALSE
	EndGlobalSection
	GlobalSection(ExtensibilityGlobals) = postSolution
		SolutionGuid = {97DA4DEB-010C-4F88-BCB6-65424D408706}
	EndGlobalSection
EndGlobal
